PODS:
  - Capacitor (7.2.0):
    - CapacitorCordova
  - CapacitorCamera (7.0.1):
    - Capacitor
  - CapacitorCordova (7.2.0)
  - CapacitorDevice (7.0.1):
    - Capacitor
  - CapacitorFilesystem (7.0.1):
    - Capacitor
  - CapacitorGeolocation (7.1.2):
    - Capacitor
    - IONGeolocationLib (~> 1.0)
  - CapacitorPreferences (7.0.1):
    - Capacitor
  - CapacitorSplashScreen (7.0.1):
    - Capacitor
  - CapacitorStatusBar (7.0.1):
    - Capacitor
  - IONGeolocationLib (1.0.0)

DEPENDENCIES:
  - "Capacitor (from `../../node_modules/@capacitor/ios`)"
  - "CapacitorCamera (from `../../node_modules/@capacitor/camera`)"
  - "CapacitorCordova (from `../../node_modules/@capacitor/ios`)"
  - "CapacitorDevice (from `../../node_modules/@capacitor/device`)"
  - "CapacitorFilesystem (from `../../node_modules/@capacitor/filesystem`)"
  - "CapacitorGeolocation (from `../../node_modules/@capacitor/geolocation`)"
  - "CapacitorPreferences (from `../../node_modules/@capacitor/preferences`)"
  - "CapacitorSplashScreen (from `../../node_modules/@capacitor/splash-screen`)"
  - "CapacitorStatusBar (from `../../node_modules/@capacitor/status-bar`)"

SPEC REPOS:
  trunk:
    - IONGeolocationLib

EXTERNAL SOURCES:
  Capacitor:
    :path: "../../node_modules/@capacitor/ios"
  CapacitorCamera:
    :path: "../../node_modules/@capacitor/camera"
  CapacitorCordova:
    :path: "../../node_modules/@capacitor/ios"
  CapacitorDevice:
    :path: "../../node_modules/@capacitor/device"
  CapacitorFilesystem:
    :path: "../../node_modules/@capacitor/filesystem"
  CapacitorGeolocation:
    :path: "../../node_modules/@capacitor/geolocation"
  CapacitorPreferences:
    :path: "../../node_modules/@capacitor/preferences"
  CapacitorSplashScreen:
    :path: "../../node_modules/@capacitor/splash-screen"
  CapacitorStatusBar:
    :path: "../../node_modules/@capacitor/status-bar"

SPEC CHECKSUMS:
  Capacitor: 03bc7cbdde6a629a8b910a9d7d78c3cc7ed09ea7
  CapacitorCamera: 6e73f1fc6c629a672658705a02409b60854bc0f1
  CapacitorCordova: 5967b9ba03915ef1d585469d6e31f31dc49be96f
  CapacitorDevice: c6f6d587dd310527f8a48bf09c4e7b4a4cf14329
  CapacitorFilesystem: e6261c410436f54908c11f94336c5b58286b1db0
  CapacitorGeolocation: b005744861676af9abd19a0682f0b1af32cc2c99
  CapacitorPreferences: 6c98117d4d7508034a4af9db64d6b26fc75d7b94
  CapacitorSplashScreen: 1d67815a422a9b61539c94f283c08ed56667c0fc
  CapacitorStatusBar: 6e7af040d8fc4dd655999819625cae9c2d74c36f
  IONGeolocationLib: 81f33f88d025846946de2cf63b0c7628e7c6bc9d

PODFILE CHECKSUM: 45c99e78234327f0181e8eee2fc5decb46a7524d

COCOAPODS: 1.16.2
